
Microsoft Visual Studio Solution File, Format Version 12.00
# Visual Studio 2012
Project("{FAE04EC0-301F-11D3-BF4B-00C04F79EFBC}") = "SSL_WPF", "SSL-WPF\SSL_WPF.csproj", "{701881B2-A99B-4C24-8EA1-DB1007FE1EAA}"
EndProject
Project("{FAE04EC0-301F-11D3-BF4B-00C04F79EFBC}") = "Components", "Components\Components.csproj", "{04524B1D-A27E-46BD-A034-A983F696D293}"
EndProject
Global
	GlobalSection(SolutionConfigurationPlatforms) = preSolution
		Debug|Any CPU = Debug|Any CPU
		Debug|Mixed Platforms = Debug|Mixed Platforms
		Debug|x64 = Debug|x64
		Debug|x86 = Debug|x86
		Release|Any CPU = Release|Any CPU
		Release|Mixed Platforms = Release|Mixed Platforms
		Release|x64 = Release|x64
		Release|x86 = Release|x86
	EndGlobalSection
	GlobalSection(ProjectConfigurationPlatforms) = postSolution
		{701881B2-A99B-4C24-8EA1-DB1007FE1EAA}.Debug|Any CPU.ActiveCfg = Debug|Any CPU
		{701881B2-A99B-4C24-8EA1-DB1007FE1EAA}.Debug|Any CPU.Build.0 = Debug|Any CPU
		{701881B2-A99B-4C24-8EA1-DB1007FE1EAA}.Debug|Mixed Platforms.ActiveCfg = Debug|Any CPU
		{701881B2-A99B-4C24-8EA1-DB1007FE1EAA}.Debug|Mixed Platforms.Build.0 = Debug|Any CPU
		{701881B2-A99B-4C24-8EA1-DB1007FE1EAA}.Debug|x64.ActiveCfg = Debug|Any CPU
		{701881B2-A99B-4C24-8EA1-DB1007FE1EAA}.Debug|x64.Build.0 = Debug|Any CPU
		{701881B2-A99B-4C24-8EA1-DB1007FE1EAA}.Debug|x86.ActiveCfg = Debug|Any CPU
		{701881B2-A99B-4C24-8EA1-DB1007FE1EAA}.Debug|x86.Build.0 = Debug|Any CPU
		{701881B2-A99B-4C24-8EA1-DB1007FE1EAA}.Release|Any CPU.ActiveCfg = Release|Any CPU
		{701881B2-A99B-4C24-8EA1-DB1007FE1EAA}.Release|Any CPU.Build.0 = Release|Any CPU
		{701881B2-A99B-4C24-8EA1-DB1007FE1EAA}.Release|Mixed Platforms.ActiveCfg = Release|Any CPU
		{701881B2-A99B-4C24-8EA1-DB1007FE1EAA}.Release|Mixed Platforms.Build.0 = Release|Any CPU
		{701881B2-A99B-4C24-8EA1-DB1007FE1EAA}.Release|x64.ActiveCfg = Release|Any CPU
		{701881B2-A99B-4C24-8EA1-DB1007FE1EAA}.Release|x86.ActiveCfg = Release|Any CPU
		{04524B1D-A27E-46BD-A034-A983F696D293}.Debug|Any CPU.ActiveCfg = Debug|Any CPU
		{04524B1D-A27E-46BD-A034-A983F696D293}.Debug|Any CPU.Build.0 = Debug|Any CPU
		{04524B1D-A27E-46BD-A034-A983F696D293}.Debug|Mixed Platforms.ActiveCfg = Debug|Any CPU
		{04524B1D-A27E-46BD-A034-A983F696D293}.Debug|Mixed Platforms.Build.0 = Debug|Any CPU
		{04524B1D-A27E-46BD-A034-A983F696D293}.Debug|x64.ActiveCfg = Debug|Any CPU
		{04524B1D-A27E-46BD-A034-A983F696D293}.Debug|x86.ActiveCfg = Debug|Any CPU
		{04524B1D-A27E-46BD-A034-A983F696D293}.Release|Any CPU.ActiveCfg = Release|Any CPU
		{04524B1D-A27E-46BD-A034-A983F696D293}.Release|Any CPU.Build.0 = Release|Any CPU
		{04524B1D-A27E-46BD-A034-A983F696D293}.Release|Mixed Platforms.ActiveCfg = Release|Any CPU
		{04524B1D-A27E-46BD-A034-A983F696D293}.Release|Mixed Platforms.Build.0 = Release|Any CPU
		{04524B1D-A27E-46BD-A034-A983F696D293}.Release|x64.ActiveCfg = Release|Any CPU
		{04524B1D-A27E-46BD-A034-A983F696D293}.Release|x86.ActiveCfg = Release|Any CPU
	EndGlobalSection
	GlobalSection(SolutionProperties) = preSolution
		HideSolutionNode = FALSE
	EndGlobalSection
EndGlobal
