
Microsoft Visual Studio Solution File, Format Version 12.00
# Visual Studio 2012
Project("{FAE04EC0-301F-11D3-BF4B-00C04F79EFBC}") = "LaneBottom", "WpfApplication1\LaneBottom.csproj", "{3A9E04E3-19D4-4D47-835D-29EF8B7BCE8C}"
EndProject
Project("{FAE04EC0-301F-11D3-BF4B-00C04F79EFBC}") = "LaneTop", "LaneTop\LaneTop.csproj", "{FF5BBC4F-194F-46F2-8B4D-49A45A6241A6}"
EndProject
Project("{FAE04EC0-301F-11D3-BF4B-00C04F79EFBC}") = "WpfApplication2", "WpfApplication2\WpfApplication2.csproj", "{1B4CA6DB-AF66-4698-89AA-87D621714A5B}"
EndProject
Project("{FAE04EC0-301F-11D3-BF4B-00C04F79EFBC}") = "WpfApplication3", "WpfApplication3\WpfApplication3.csproj", "{5A10F587-9B58-4601-8DF2-CCE14D612DF9}"
EndProject
Project("{FAE04EC0-301F-11D3-BF4B-00C04F79EFBC}") = "WpfApplication4", "WpfApplication4\WpfApplication4.csproj", "{D4348EE7-7E8F-4D92-83AA-831371315D44}"
EndProject
Global
	GlobalSection(SolutionConfigurationPlatforms) = preSolution
		Debug|Any CPU = Debug|Any CPU
		Debug|Mixed Platforms = Debug|Mixed Platforms
		Debug|x86 = Debug|x86
		Release|Any CPU = Release|Any CPU
		Release|Mixed Platforms = Release|Mixed Platforms
		Release|x86 = Release|x86
	EndGlobalSection
	GlobalSection(ProjectConfigurationPlatforms) = postSolution
		{3A9E04E3-19D4-4D47-835D-29EF8B7BCE8C}.Debug|Any CPU.ActiveCfg = Debug|Any CPU
		{3A9E04E3-19D4-4D47-835D-29EF8B7BCE8C}.Debug|Any CPU.Build.0 = Debug|Any CPU
		{3A9E04E3-19D4-4D47-835D-29EF8B7BCE8C}.Debug|Mixed Platforms.ActiveCfg = Debug|Any CPU
		{3A9E04E3-19D4-4D47-835D-29EF8B7BCE8C}.Debug|Mixed Platforms.Build.0 = Debug|Any CPU
		{3A9E04E3-19D4-4D47-835D-29EF8B7BCE8C}.Debug|x86.ActiveCfg = Debug|Any CPU
		{3A9E04E3-19D4-4D47-835D-29EF8B7BCE8C}.Release|Any CPU.ActiveCfg = Release|Any CPU
		{3A9E04E3-19D4-4D47-835D-29EF8B7BCE8C}.Release|Any CPU.Build.0 = Release|Any CPU
		{3A9E04E3-19D4-4D47-835D-29EF8B7BCE8C}.Release|Mixed Platforms.ActiveCfg = Release|Any CPU
		{3A9E04E3-19D4-4D47-835D-29EF8B7BCE8C}.Release|Mixed Platforms.Build.0 = Release|Any CPU
		{3A9E04E3-19D4-4D47-835D-29EF8B7BCE8C}.Release|x86.ActiveCfg = Release|Any CPU
		{FF5BBC4F-194F-46F2-8B4D-49A45A6241A6}.Debug|Any CPU.ActiveCfg = Debug|Any CPU
		{FF5BBC4F-194F-46F2-8B4D-49A45A6241A6}.Debug|Any CPU.Build.0 = Debug|Any CPU
		{FF5BBC4F-194F-46F2-8B4D-49A45A6241A6}.Debug|Mixed Platforms.ActiveCfg = Debug|Any CPU
		{FF5BBC4F-194F-46F2-8B4D-49A45A6241A6}.Debug|Mixed Platforms.Build.0 = Debug|Any CPU
		{FF5BBC4F-194F-46F2-8B4D-49A45A6241A6}.Debug|x86.ActiveCfg = Debug|Any CPU
		{FF5BBC4F-194F-46F2-8B4D-49A45A6241A6}.Release|Any CPU.ActiveCfg = Release|Any CPU
		{FF5BBC4F-194F-46F2-8B4D-49A45A6241A6}.Release|Any CPU.Build.0 = Release|Any CPU
		{FF5BBC4F-194F-46F2-8B4D-49A45A6241A6}.Release|Mixed Platforms.ActiveCfg = Release|Any CPU
		{FF5BBC4F-194F-46F2-8B4D-49A45A6241A6}.Release|Mixed Platforms.Build.0 = Release|Any CPU
		{FF5BBC4F-194F-46F2-8B4D-49A45A6241A6}.Release|x86.ActiveCfg = Release|Any CPU
		{1B4CA6DB-AF66-4698-89AA-87D621714A5B}.Debug|Any CPU.ActiveCfg = Debug|Any CPU
		{1B4CA6DB-AF66-4698-89AA-87D621714A5B}.Debug|Any CPU.Build.0 = Debug|Any CPU
		{1B4CA6DB-AF66-4698-89AA-87D621714A5B}.Debug|Mixed Platforms.ActiveCfg = Debug|Any CPU
		{1B4CA6DB-AF66-4698-89AA-87D621714A5B}.Debug|Mixed Platforms.Build.0 = Debug|Any CPU
		{1B4CA6DB-AF66-4698-89AA-87D621714A5B}.Debug|x86.ActiveCfg = Debug|Any CPU
		{1B4CA6DB-AF66-4698-89AA-87D621714A5B}.Release|Any CPU.ActiveCfg = Release|Any CPU
		{1B4CA6DB-AF66-4698-89AA-87D621714A5B}.Release|Any CPU.Build.0 = Release|Any CPU
		{1B4CA6DB-AF66-4698-89AA-87D621714A5B}.Release|Mixed Platforms.ActiveCfg = Release|Any CPU
		{1B4CA6DB-AF66-4698-89AA-87D621714A5B}.Release|Mixed Platforms.Build.0 = Release|Any CPU
		{1B4CA6DB-AF66-4698-89AA-87D621714A5B}.Release|x86.ActiveCfg = Release|Any CPU
		{5A10F587-9B58-4601-8DF2-CCE14D612DF9}.Debug|Any CPU.ActiveCfg = Debug|Any CPU
		{5A10F587-9B58-4601-8DF2-CCE14D612DF9}.Debug|Any CPU.Build.0 = Debug|Any CPU
		{5A10F587-9B58-4601-8DF2-CCE14D612DF9}.Debug|Mixed Platforms.ActiveCfg = Debug|Any CPU
		{5A10F587-9B58-4601-8DF2-CCE14D612DF9}.Debug|Mixed Platforms.Build.0 = Debug|Any CPU
		{5A10F587-9B58-4601-8DF2-CCE14D612DF9}.Debug|x86.ActiveCfg = Debug|Any CPU
		{5A10F587-9B58-4601-8DF2-CCE14D612DF9}.Release|Any CPU.ActiveCfg = Release|Any CPU
		{5A10F587-9B58-4601-8DF2-CCE14D612DF9}.Release|Any CPU.Build.0 = Release|Any CPU
		{5A10F587-9B58-4601-8DF2-CCE14D612DF9}.Release|Mixed Platforms.ActiveCfg = Release|Any CPU
		{5A10F587-9B58-4601-8DF2-CCE14D612DF9}.Release|Mixed Platforms.Build.0 = Release|Any CPU
		{5A10F587-9B58-4601-8DF2-CCE14D612DF9}.Release|x86.ActiveCfg = Release|Any CPU
		{D4348EE7-7E8F-4D92-83AA-831371315D44}.Debug|Any CPU.ActiveCfg = Debug|Any CPU
		{D4348EE7-7E8F-4D92-83AA-831371315D44}.Debug|Any CPU.Build.0 = Debug|Any CPU
		{D4348EE7-7E8F-4D92-83AA-831371315D44}.Debug|Mixed Platforms.ActiveCfg = Debug|Any CPU
		{D4348EE7-7E8F-4D92-83AA-831371315D44}.Debug|Mixed Platforms.Build.0 = Debug|Any CPU
		{D4348EE7-7E8F-4D92-83AA-831371315D44}.Debug|x86.ActiveCfg = Debug|Any CPU
		{D4348EE7-7E8F-4D92-83AA-831371315D44}.Release|Any CPU.ActiveCfg = Release|Any CPU
		{D4348EE7-7E8F-4D92-83AA-831371315D44}.Release|Any CPU.Build.0 = Release|Any CPU
		{D4348EE7-7E8F-4D92-83AA-831371315D44}.Release|Mixed Platforms.ActiveCfg = Release|Any CPU
		{D4348EE7-7E8F-4D92-83AA-831371315D44}.Release|Mixed Platforms.Build.0 = Release|Any CPU
		{D4348EE7-7E8F-4D92-83AA-831371315D44}.Release|x86.ActiveCfg = Release|Any CPU
	EndGlobalSection
	GlobalSection(SolutionProperties) = preSolution
		HideSolutionNode = FALSE
	EndGlobalSection
EndGlobal
