
Microsoft Visual Studio Solution File, Format Version 12.00
# Visual Studio 2012
Project("{FAE04EC0-301F-11D3-BF4B-00C04F79EFBC}") = "LaneSimulator", "LaneSimulator\LaneSimulator.csproj", "{3FC76796-D90F-42CC-8BB3-C6254A77BBBA}"
EndProject
Project("{FAE04EC0-301F-11D3-BF4B-00C04F79EFBC}") = "UI-Test", "UI-Test\UI-Test.csproj", "{05216423-0BD8-4E0C-A40B-8D557DE017EC}"
EndProject
Project("{FAE04EC0-301F-11D3-BF4B-00C04F79EFBC}") = "UnitTest", "UnitTest\UnitTest.csproj", "{2F8FD530-1FB5-4AC1-8935-62AE4C5051AB}"
EndProject
Project("{FAE04EC0-301F-11D3-BF4B-00C04F79EFBC}") = "Gates", "Gates\Gates.csproj", "{1F729760-EEDB-4CAC-A6D3-65CC60131D1D}"
EndProject
Global
	GlobalSection(SolutionConfigurationPlatforms) = preSolution
		Debug|Any CPU = Debug|Any CPU
		Release|Any CPU = Release|Any CPU
	EndGlobalSection
	GlobalSection(ProjectConfigurationPlatforms) = postSolution
		{3FC76796-D90F-42CC-8BB3-C6254A77BBBA}.Debug|Any CPU.ActiveCfg = Debug|Any CPU
		{3FC76796-D90F-42CC-8BB3-C6254A77BBBA}.Debug|Any CPU.Build.0 = Debug|Any CPU
		{3FC76796-D90F-42CC-8BB3-C6254A77BBBA}.Release|Any CPU.ActiveCfg = Release|Any CPU
		{3FC76796-D90F-42CC-8BB3-C6254A77BBBA}.Release|Any CPU.Build.0 = Release|Any CPU
		{05216423-0BD8-4E0C-A40B-8D557DE017EC}.Debug|Any CPU.ActiveCfg = Debug|Any CPU
		{05216423-0BD8-4E0C-A40B-8D557DE017EC}.Debug|Any CPU.Build.0 = Debug|Any CPU
		{05216423-0BD8-4E0C-A40B-8D557DE017EC}.Release|Any CPU.ActiveCfg = Release|Any CPU
		{05216423-0BD8-4E0C-A40B-8D557DE017EC}.Release|Any CPU.Build.0 = Release|Any CPU
		{2F8FD530-1FB5-4AC1-8935-62AE4C5051AB}.Debug|Any CPU.ActiveCfg = Debug|Any CPU
		{2F8FD530-1FB5-4AC1-8935-62AE4C5051AB}.Debug|Any CPU.Build.0 = Debug|Any CPU
		{2F8FD530-1FB5-4AC1-8935-62AE4C5051AB}.Release|Any CPU.ActiveCfg = Release|Any CPU
		{2F8FD530-1FB5-4AC1-8935-62AE4C5051AB}.Release|Any CPU.Build.0 = Release|Any CPU
		{1F729760-EEDB-4CAC-A6D3-65CC60131D1D}.Debug|Any CPU.ActiveCfg = Debug|Any CPU
		{1F729760-EEDB-4CAC-A6D3-65CC60131D1D}.Debug|Any CPU.Build.0 = Debug|Any CPU
		{1F729760-EEDB-4CAC-A6D3-65CC60131D1D}.Release|Any CPU.ActiveCfg = Release|Any CPU
		{1F729760-EEDB-4CAC-A6D3-65CC60131D1D}.Release|Any CPU.Build.0 = Release|Any CPU
	EndGlobalSection
	GlobalSection(SolutionProperties) = preSolution
		HideSolutionNode = FALSE
	EndGlobalSection
EndGlobal
